
Microsoft Visual Studio Solution File, Format Version 12.00
# Visual Studio Version 17
<<<<<<< HEAD
VisualStudioVersion = 17.3.32929.385
MinimumVisualStudioVersion = 10.0.40219.1
Project("{8BC9CEB8-8B4A-11D0-8D11-00A0C91BC942}") = "lecture05", "lecture05\lecture05.vcxproj", "{C099EB7D-678E-46F7-956A-26A34E7EDE40}"
=======
VisualStudioVersion = 17.5.33414.496
MinimumVisualStudioVersion = 10.0.40219.1
Project("{8BC9CEB8-8B4A-11D0-8D11-00A0C91BC942}") = "lecture05", "lecture05.vcxproj", "{5EB198A9-56C8-4218-B123-CA7BC673AC04}"
>>>>>>> 4572290f8222d725cd1ce05bc1e2e436011c03f4
EndProject
Global
	GlobalSection(SolutionConfigurationPlatforms) = preSolution
		Debug|x64 = Debug|x64
		Debug|x86 = Debug|x86
		Release|x64 = Release|x64
		Release|x86 = Release|x86
	EndGlobalSection
	GlobalSection(ProjectConfigurationPlatforms) = postSolution
<<<<<<< HEAD
		{C099EB7D-678E-46F7-956A-26A34E7EDE40}.Debug|x64.ActiveCfg = Debug|x64
		{C099EB7D-678E-46F7-956A-26A34E7EDE40}.Debug|x64.Build.0 = Debug|x64
		{C099EB7D-678E-46F7-956A-26A34E7EDE40}.Debug|x86.ActiveCfg = Debug|Win32
		{C099EB7D-678E-46F7-956A-26A34E7EDE40}.Debug|x86.Build.0 = Debug|Win32
		{C099EB7D-678E-46F7-956A-26A34E7EDE40}.Release|x64.ActiveCfg = Release|x64
		{C099EB7D-678E-46F7-956A-26A34E7EDE40}.Release|x64.Build.0 = Release|x64
		{C099EB7D-678E-46F7-956A-26A34E7EDE40}.Release|x86.ActiveCfg = Release|Win32
		{C099EB7D-678E-46F7-956A-26A34E7EDE40}.Release|x86.Build.0 = Release|Win32
=======
		{5EB198A9-56C8-4218-B123-CA7BC673AC04}.Debug|x64.ActiveCfg = Debug|x64
		{5EB198A9-56C8-4218-B123-CA7BC673AC04}.Debug|x64.Build.0 = Debug|x64
		{5EB198A9-56C8-4218-B123-CA7BC673AC04}.Debug|x86.ActiveCfg = Debug|Win32
		{5EB198A9-56C8-4218-B123-CA7BC673AC04}.Debug|x86.Build.0 = Debug|Win32
		{5EB198A9-56C8-4218-B123-CA7BC673AC04}.Release|x64.ActiveCfg = Release|x64
		{5EB198A9-56C8-4218-B123-CA7BC673AC04}.Release|x64.Build.0 = Release|x64
		{5EB198A9-56C8-4218-B123-CA7BC673AC04}.Release|x86.ActiveCfg = Release|Win32
		{5EB198A9-56C8-4218-B123-CA7BC673AC04}.Release|x86.Build.0 = Release|Win32
>>>>>>> 4572290f8222d725cd1ce05bc1e2e436011c03f4
	EndGlobalSection
	GlobalSection(SolutionProperties) = preSolution
		HideSolutionNode = FALSE
	EndGlobalSection
	GlobalSection(ExtensibilityGlobals) = postSolution
<<<<<<< HEAD
		SolutionGuid = {CEB8AB51-B401-48F2-A083-91EF6A7C0FFC}
=======
		SolutionGuid = {F21BF2FC-8635-4C53-B1AC-1401AA3921FF}
>>>>>>> 4572290f8222d725cd1ce05bc1e2e436011c03f4
	EndGlobalSection
EndGlobal
