
Microsoft Visual Studio Solution File, Format Version 12.00
# Visual Studio Version 17
VisualStudioVersion = 17.3.32929.385
MinimumVisualStudioVersion = 10.0.40219.1
Project("{8BC9CEB8-8B4A-11D0-8D11-00A0C91BC942}") = "Exam", "Exam\Exam.vcxproj", "{F09D2CAB-FFCC-415C-B56A-F86680BCAFE6}"
EndProject
Global
	GlobalSection(SolutionConfigurationPlatforms) = preSolution
		Debug|x64 = Debug|x64
		Debug|x86 = Debug|x86
		Release|x64 = Release|x64
		Release|x86 = Release|x86
	EndGlobalSection
	GlobalSection(ProjectConfigurationPlatforms) = postSolution
		{F09D2CAB-FFCC-415C-B56A-F86680BCAFE6}.Debug|x64.ActiveCfg = Debug|x64
		{F09D2CAB-FFCC-415C-B56A-F86680BCAFE6}.Debug|x64.Build.0 = Debug|x64
		{F09D2CAB-FFCC-415C-B56A-F86680BCAFE6}.Debug|x86.ActiveCfg = Debug|Win32
		{F09D2CAB-FFCC-415C-B56A-F86680BCAFE6}.Debug|x86.Build.0 = Debug|Win32
		{F09D2CAB-FFCC-415C-B56A-F86680BCAFE6}.Release|x64.ActiveCfg = Release|x64
		{F09D2CAB-FFCC-415C-B56A-F86680BCAFE6}.Release|x64.Build.0 = Release|x64
		{F09D2CAB-FFCC-415C-B56A-F86680BCAFE6}.Release|x86.ActiveCfg = Release|Win32
		{F09D2CAB-FFCC-415C-B56A-F86680BCAFE6}.Release|x86.Build.0 = Release|Win32
	EndGlobalSection
	GlobalSection(SolutionProperties) = preSolution
		HideSolutionNode = FALSE
	EndGlobalSection
	GlobalSection(ExtensibilityGlobals) = postSolution
		SolutionGuid = {E31D05DF-BEEC-4EB0-A861-AB8BD3BE9F2E}
	EndGlobalSection
EndGlobal
